
Microsoft Visual Studio Solution File, Format Version 12.00
# Visual Studio Version 16
VisualStudioVersion = 16.0.31005.135
MinimumVisualStudioVersion = 10.0.40219.1
Project("{FAE04EC0-301F-11D3-BF4B-00C04F79EFBC}") = "PrimerMVC", "PrimerMVC\PrimerMVC.csproj", "{0BC3DCBA-D37F-42F8-8991-DDB69A75D6E6}"
EndProject
Global
	GlobalSection(SolutionConfigurationPlatforms) = preSolution
		Debug|Any CPU = Debug|Any CPU
		Release|Any CPU = Release|Any CPU
	EndGlobalSection
	GlobalSection(ProjectConfigurationPlatforms) = postSolution
		{0BC3DCBA-D37F-42F8-8991-DDB69A75D6E6}.Debug|Any CPU.ActiveCfg = Debug|Any CPU
		{0BC3DCBA-D37F-42F8-8991-DDB69A75D6E6}.Debug|Any CPU.Build.0 = Debug|Any CPU
		{0BC3DCBA-D37F-42F8-8991-DDB69A75D6E6}.Release|Any CPU.ActiveCfg = Release|Any CPU
		{0BC3DCBA-D37F-42F8-8991-DDB69A75D6E6}.Release|Any CPU.Build.0 = Release|Any CPU
	EndGlobalSection
	GlobalSection(SolutionProperties) = preSolution
		HideSolutionNode = FALSE
	EndGlobalSection
	GlobalSection(ExtensibilityGlobals) = postSolution
		SolutionGuid = {87F007B8-152E-42B0-AF8D-731DD8F088C0}
	EndGlobalSection
EndGlobal
