
Microsoft Visual Studio Solution File, Format Version 12.00
# Visual Studio Version 16
VisualStudioVersion = 16.0.30621.155
MinimumVisualStudioVersion = 10.0.40219.1
Project("{FAE04EC0-301F-11D3-BF4B-00C04F79EFBC}") = "EjemploPOO", "EjemploPOO\EjemploPOO.csproj", "{A91F2630-4CA7-41E1-AB00-36AFE82A94D7}"
EndProject
Global
	GlobalSection(SolutionConfigurationPlatforms) = preSolution
		Debug|Any CPU = Debug|Any CPU
		Release|Any CPU = Release|Any CPU
	EndGlobalSection
	GlobalSection(ProjectConfigurationPlatforms) = postSolution
		{A91F2630-4CA7-41E1-AB00-36AFE82A94D7}.Debug|Any CPU.ActiveCfg = Debug|Any CPU
		{A91F2630-4CA7-41E1-AB00-36AFE82A94D7}.Debug|Any CPU.Build.0 = Debug|Any CPU
		{A91F2630-4CA7-41E1-AB00-36AFE82A94D7}.Release|Any CPU.ActiveCfg = Release|Any CPU
		{A91F2630-4CA7-41E1-AB00-36AFE82A94D7}.Release|Any CPU.Build.0 = Release|Any CPU
	EndGlobalSection
	GlobalSection(SolutionProperties) = preSolution
		HideSolutionNode = FALSE
	EndGlobalSection
	GlobalSection(ExtensibilityGlobals) = postSolution
		SolutionGuid = {BB145D67-7DA8-4BB7-9E48-A6F9468AAB1F}
	EndGlobalSection
EndGlobal
