
Microsoft Visual Studio Solution File, Format Version 12.00
# Visual Studio Version 16
VisualStudioVersion = 16.0.30621.155
MinimumVisualStudioVersion = 10.0.40219.1
Project("{FAE04EC0-301F-11D3-BF4B-00C04F79EFBC}") = "EjercicioClases", "EjercicioClases\EjercicioClases.csproj", "{94C62B4B-7F4A-4C50-A749-05136C2EBE42}"
EndProject
Global
	GlobalSection(SolutionConfigurationPlatforms) = preSolution
		Debug|Any CPU = Debug|Any CPU
		Release|Any CPU = Release|Any CPU
	EndGlobalSection
	GlobalSection(ProjectConfigurationPlatforms) = postSolution
		{94C62B4B-7F4A-4C50-A749-05136C2EBE42}.Debug|Any CPU.ActiveCfg = Debug|Any CPU
		{94C62B4B-7F4A-4C50-A749-05136C2EBE42}.Debug|Any CPU.Build.0 = Debug|Any CPU
		{94C62B4B-7F4A-4C50-A749-05136C2EBE42}.Release|Any CPU.ActiveCfg = Release|Any CPU
		{94C62B4B-7F4A-4C50-A749-05136C2EBE42}.Release|Any CPU.Build.0 = Release|Any CPU
	EndGlobalSection
	GlobalSection(SolutionProperties) = preSolution
		HideSolutionNode = FALSE
	EndGlobalSection
	GlobalSection(ExtensibilityGlobals) = postSolution
		SolutionGuid = {64716FD9-CA30-450F-818F-E0470D6B0DF5}
	EndGlobalSection
EndGlobal
