
Microsoft Visual Studio Solution File, Format Version 12.00
# Visual Studio Version 16
VisualStudioVersion = 16.0.30621.155
MinimumVisualStudioVersion = 10.0.40219.1
Project("{FAE04EC0-301F-11D3-BF4B-00C04F79EFBC}") = "ConexionGestionPedidos", "ConexionGestionPedidos\ConexionGestionPedidos.csproj", "{7F3A9C3A-48DE-4124-8D6C-149C8AA51BEF}"
EndProject
Global
	GlobalSection(SolutionConfigurationPlatforms) = preSolution
		Debug|Any CPU = Debug|Any CPU
		Release|Any CPU = Release|Any CPU
	EndGlobalSection
	GlobalSection(ProjectConfigurationPlatforms) = postSolution
		{7F3A9C3A-48DE-4124-8D6C-149C8AA51BEF}.Debug|Any CPU.ActiveCfg = Debug|Any CPU
		{7F3A9C3A-48DE-4124-8D6C-149C8AA51BEF}.Debug|Any CPU.Build.0 = Debug|Any CPU
		{7F3A9C3A-48DE-4124-8D6C-149C8AA51BEF}.Release|Any CPU.ActiveCfg = Release|Any CPU
		{7F3A9C3A-48DE-4124-8D6C-149C8AA51BEF}.Release|Any CPU.Build.0 = Release|Any CPU
	EndGlobalSection
	GlobalSection(SolutionProperties) = preSolution
		HideSolutionNode = FALSE
	EndGlobalSection
	GlobalSection(ExtensibilityGlobals) = postSolution
		SolutionGuid = {22139635-7D1D-4799-9622-4CD627C5D59E}
	EndGlobalSection
EndGlobal
