
Microsoft Visual Studio Solution File, Format Version 12.00
# Visual Studio Version 16
VisualStudioVersion = 16.0.30621.155
MinimumVisualStudioVersion = 10.0.40219.1
Project("{FAE04EC0-301F-11D3-BF4B-00C04F79EFBC}") = "Colecciones", "Colecciones\Colecciones.csproj", "{75DCD208-D18F-483F-A5DA-333072A12BF5}"
EndProject
Global
	GlobalSection(SolutionConfigurationPlatforms) = preSolution
		Debug|Any CPU = Debug|Any CPU
		Release|Any CPU = Release|Any CPU
	EndGlobalSection
	GlobalSection(ProjectConfigurationPlatforms) = postSolution
		{75DCD208-D18F-483F-A5DA-333072A12BF5}.Debug|Any CPU.ActiveCfg = Debug|Any CPU
		{75DCD208-D18F-483F-A5DA-333072A12BF5}.Debug|Any CPU.Build.0 = Debug|Any CPU
		{75DCD208-D18F-483F-A5DA-333072A12BF5}.Release|Any CPU.ActiveCfg = Release|Any CPU
		{75DCD208-D18F-483F-A5DA-333072A12BF5}.Release|Any CPU.Build.0 = Release|Any CPU
	EndGlobalSection
	GlobalSection(SolutionProperties) = preSolution
		HideSolutionNode = FALSE
	EndGlobalSection
	GlobalSection(ExtensibilityGlobals) = postSolution
		SolutionGuid = {272870EA-F5A3-4E3C-BBAC-96307AE4694B}
	EndGlobalSection
EndGlobal
