
Microsoft Visual Studio Solution File, Format Version 12.00
# Visual Studio Version 16
VisualStudioVersion = 16.0.31005.135
MinimumVisualStudioVersion = 10.0.40219.1
Project("{FAE04EC0-301F-11D3-BF4B-00C04F79EFBC}") = "pruebaOscar", "pruebaOscar\pruebaOscar.csproj", "{10109F0C-D664-462B-A773-3057610B491C}"
EndProject
Global
	GlobalSection(SolutionConfigurationPlatforms) = preSolution
		Debug|Any CPU = Debug|Any CPU
		Release|Any CPU = Release|Any CPU
	EndGlobalSection
	GlobalSection(ProjectConfigurationPlatforms) = postSolution
		{10109F0C-D664-462B-A773-3057610B491C}.Debug|Any CPU.ActiveCfg = Debug|Any CPU
		{10109F0C-D664-462B-A773-3057610B491C}.Debug|Any CPU.Build.0 = Debug|Any CPU
		{10109F0C-D664-462B-A773-3057610B491C}.Release|Any CPU.ActiveCfg = Release|Any CPU
		{10109F0C-D664-462B-A773-3057610B491C}.Release|Any CPU.Build.0 = Release|Any CPU
	EndGlobalSection
	GlobalSection(SolutionProperties) = preSolution
		HideSolutionNode = FALSE
	EndGlobalSection
	GlobalSection(ExtensibilityGlobals) = postSolution
		SolutionGuid = {FD766663-A129-41B3-97C0-20D5F4E7207A}
	EndGlobalSection
EndGlobal
