
Microsoft Visual Studio Solution File, Format Version 12.00
# Visual Studio Version 16
VisualStudioVersion = 16.0.30621.155
MinimumVisualStudioVersion = 10.0.40219.1
Project("{9A19103F-16F7-4668-BE54-9A1E7A4F7556}") = "AppNumAleatorio", "AppConsola1\AppNumAleatorio.csproj", "{D7878941-CF86-4427-9798-FAA642FDFEB1}"
EndProject
Global
	GlobalSection(SolutionConfigurationPlatforms) = preSolution
		Debug|Any CPU = Debug|Any CPU
		Release|Any CPU = Release|Any CPU
	EndGlobalSection
	GlobalSection(ProjectConfigurationPlatforms) = postSolution
		{D7878941-CF86-4427-9798-FAA642FDFEB1}.Debug|Any CPU.ActiveCfg = Debug|Any CPU
		{D7878941-CF86-4427-9798-FAA642FDFEB1}.Debug|Any CPU.Build.0 = Debug|Any CPU
		{D7878941-CF86-4427-9798-FAA642FDFEB1}.Release|Any CPU.ActiveCfg = Release|Any CPU
		{D7878941-CF86-4427-9798-FAA642FDFEB1}.Release|Any CPU.Build.0 = Release|Any CPU
	EndGlobalSection
	GlobalSection(SolutionProperties) = preSolution
		HideSolutionNode = FALSE
	EndGlobalSection
	GlobalSection(ExtensibilityGlobals) = postSolution
		SolutionGuid = {C2BD41F8-BB6E-48CC-9BBE-E48939E10B1A}
	EndGlobalSection
EndGlobal
