
Microsoft Visual Studio Solution File, Format Version 12.00
# Visual Studio Version 16
VisualStudioVersion = 16.0.30621.155
MinimumVisualStudioVersion = 10.0.40219.1
Project("{FAE04EC0-301F-11D3-BF4B-00C04F79EFBC}") = "EF6Prueba1", "EF6Prueba1\EF6Prueba1.csproj", "{BD906647-1F6E-49AD-99BC-5766A51E8B1D}"
EndProject
Project("{FAE04EC0-301F-11D3-BF4B-00C04F79EFBC}") = "WpfApp1", "WpfApp1\WpfApp1.csproj", "{AF6DC8F1-2BC9-407F-B755-52CE6D1F6F3F}"
EndProject
Global
	GlobalSection(SolutionConfigurationPlatforms) = preSolution
		Debug|Any CPU = Debug|Any CPU
		Release|Any CPU = Release|Any CPU
	EndGlobalSection
	GlobalSection(ProjectConfigurationPlatforms) = postSolution
		{BD906647-1F6E-49AD-99BC-5766A51E8B1D}.Debug|Any CPU.ActiveCfg = Debug|Any CPU
		{BD906647-1F6E-49AD-99BC-5766A51E8B1D}.Debug|Any CPU.Build.0 = Debug|Any CPU
		{BD906647-1F6E-49AD-99BC-5766A51E8B1D}.Release|Any CPU.ActiveCfg = Release|Any CPU
		{BD906647-1F6E-49AD-99BC-5766A51E8B1D}.Release|Any CPU.Build.0 = Release|Any CPU
		{AF6DC8F1-2BC9-407F-B755-52CE6D1F6F3F}.Debug|Any CPU.ActiveCfg = Debug|Any CPU
		{AF6DC8F1-2BC9-407F-B755-52CE6D1F6F3F}.Debug|Any CPU.Build.0 = Debug|Any CPU
		{AF6DC8F1-2BC9-407F-B755-52CE6D1F6F3F}.Release|Any CPU.ActiveCfg = Release|Any CPU
		{AF6DC8F1-2BC9-407F-B755-52CE6D1F6F3F}.Release|Any CPU.Build.0 = Release|Any CPU
	EndGlobalSection
	GlobalSection(SolutionProperties) = preSolution
		HideSolutionNode = FALSE
	EndGlobalSection
	GlobalSection(ExtensibilityGlobals) = postSolution
		SolutionGuid = {D70E3DD4-06C5-4675-9264-5694E9D12BAA}
	EndGlobalSection
EndGlobal
